
Microsoft Visual Studio Solution File, Format Version 12.00
# Visual Studio Version 16
VisualStudioVersion = 16.0.37206.5
MinimumVisualStudioVersion = 10.0.40219.1
Project("{FAE04EC0-301F-11D3-BF4B-00C04F79EFBC}") = "Postin", "Postin.csproj", "{343BDCB9-E36C-4C02-825A-98351B612707}"
EndProject
Global
	GlobalSection(SolutionConfigurationPlatforms) = preSolution
		Debug|Any CPU = Debug|Any CPU
		Release|Any CPU = Release|Any CPU
	EndGlobalSection
	GlobalSection(ProjectConfigurationPlatforms) = postSolution
		{343BDCB9-E36C-4C02-825A-98351B612707}.Debug|Any CPU.ActiveCfg = Debug|Any CPU
		{343BDCB9-E36C-4C02-825A-98351B612707}.Debug|Any CPU.Build.0 = Debug|Any CPU
		{343BDCB9-E36C-4C02-825A-98351B612707}.Release|Any CPU.ActiveCfg = Release|Any CPU
		{343BDCB9-E36C-4C02-825A-98351B612707}.Release|Any CPU.Build.0 = Release|Any CPU
	EndGlobalSection
	GlobalSection(SolutionProperties) = preSolution
		HideSolutionNode = FALSE
	EndGlobalSection
	GlobalSection(ExtensibilityGlobals) = postSolution
		SolutionGuid = {E1483F3A-12D9-4B01-83FF-C5B4D44A36E7}
	EndGlobalSection
EndGlobal
